
Microsoft Visual Studio Solution File, Format Version 12.00
# Visual Studio Version 16
VisualStudioVersion = 16.0.28803.202
MinimumVisualStudioVersion = 10.0.40219.1
Project("{9A19103F-16F7-4668-BE54-9A1E7A4F7556}") = "Battleship.Core", "Battleship.Core\Battleship.Core.csproj", "{E9A0F03D-5A82-4BC2-B179-2D1FD1E5385C}"
EndProject
Project("{9A19103F-16F7-4668-BE54-9A1E7A4F7556}") = "Battleship.Core.Tests", "Battleship.Core.Tests\Battleship.Core.Tests.csproj", "{308B3E79-49FB-482C-B728-7571B5D51A84}"
EndProject
Project("{2150E333-8FDC-42A3-9474-1A3956D46DE8}") = "Tests", "Tests", "{69AA4A66-4EDE-4C5A-BD1C-3F7D0CD3BE77}"
EndProject
Project("{FAE04EC0-301F-11D3-BF4B-00C04F79EFBC}") = "Battleship.Web.Api", "Battleship.Web.Api\Battleship.Web.Api.csproj", "{133E5B44-8639-4D27-A4FD-24D3373035C8}"
EndProject
Global
	GlobalSection(SolutionConfigurationPlatforms) = preSolution
		Debug|Any CPU = Debug|Any CPU
		Release|Any CPU = Release|Any CPU
	EndGlobalSection
	GlobalSection(ProjectConfigurationPlatforms) = postSolution
		{E9A0F03D-5A82-4BC2-B179-2D1FD1E5385C}.Debug|Any CPU.ActiveCfg = Debug|Any CPU
		{E9A0F03D-5A82-4BC2-B179-2D1FD1E5385C}.Debug|Any CPU.Build.0 = Debug|Any CPU
		{E9A0F03D-5A82-4BC2-B179-2D1FD1E5385C}.Release|Any CPU.ActiveCfg = Release|Any CPU
		{E9A0F03D-5A82-4BC2-B179-2D1FD1E5385C}.Release|Any CPU.Build.0 = Release|Any CPU
		{308B3E79-49FB-482C-B728-7571B5D51A84}.Debug|Any CPU.ActiveCfg = Debug|Any CPU
		{308B3E79-49FB-482C-B728-7571B5D51A84}.Debug|Any CPU.Build.0 = Debug|Any CPU
		{308B3E79-49FB-482C-B728-7571B5D51A84}.Release|Any CPU.ActiveCfg = Release|Any CPU
		{308B3E79-49FB-482C-B728-7571B5D51A84}.Release|Any CPU.Build.0 = Release|Any CPU
		{133E5B44-8639-4D27-A4FD-24D3373035C8}.Debug|Any CPU.ActiveCfg = Debug|Any CPU
		{133E5B44-8639-4D27-A4FD-24D3373035C8}.Debug|Any CPU.Build.0 = Debug|Any CPU
		{133E5B44-8639-4D27-A4FD-24D3373035C8}.Release|Any CPU.ActiveCfg = Release|Any CPU
		{133E5B44-8639-4D27-A4FD-24D3373035C8}.Release|Any CPU.Build.0 = Release|Any CPU
	EndGlobalSection
	GlobalSection(SolutionProperties) = preSolution
		HideSolutionNode = FALSE
	EndGlobalSection
	GlobalSection(NestedProjects) = preSolution
		{308B3E79-49FB-482C-B728-7571B5D51A84} = {69AA4A66-4EDE-4C5A-BD1C-3F7D0CD3BE77}
	EndGlobalSection
	GlobalSection(ExtensibilityGlobals) = postSolution
		SolutionGuid = {08A01BF0-D90B-4D47-AACF-5790B16D9EE3}
	EndGlobalSection
EndGlobal
